
Microsoft Visual Studio Solution File, Format Version 10.00
# Visual C# Express 2008
Project("{FAE04EC0-301F-11D3-BF4B-00C04F79EFBC}") = "PerlinVertexShader", "PerlinVertexShader\PerlinVertexShader.csproj", "{8B6A8080-7A19-4AD9-B31D-56F3A0E55DAE}"
EndProject
Project("{FAE04EC0-301F-11D3-BF4B-00C04F79EFBC}") = "PerlinCombined", "PerlinCombined\PerlinCombined.csproj", "{466095E1-4E11-44E3-AD0C-6BA7AEAD9151}"
EndProject
Project("{FAE04EC0-301F-11D3-BF4B-00C04F79EFBC}") = "PerlinPixelShader", "PerlinPixelShader\PerlinPixelShader.csproj", "{46FBA284-BB50-4CAE-9B2B-B34330CF224B}"
EndProject
Global
	GlobalSection(SolutionConfigurationPlatforms) = preSolution
		Debug|x86 = Debug|x86
		Release|x86 = Release|x86
	EndGlobalSection
	GlobalSection(ProjectConfigurationPlatforms) = postSolution
		{8B6A8080-7A19-4AD9-B31D-56F3A0E55DAE}.Debug|x86.ActiveCfg = Debug|x86
		{8B6A8080-7A19-4AD9-B31D-56F3A0E55DAE}.Debug|x86.Build.0 = Debug|x86
		{8B6A8080-7A19-4AD9-B31D-56F3A0E55DAE}.Release|x86.ActiveCfg = Release|x86
		{8B6A8080-7A19-4AD9-B31D-56F3A0E55DAE}.Release|x86.Build.0 = Release|x86
		{76BC29D4-64AC-47F8-89C7-177EFFBD019A}.Debug|x86.ActiveCfg = Debug|x86
		{76BC29D4-64AC-47F8-89C7-177EFFBD019A}.Release|x86.ActiveCfg = Release|x86
		{466095E1-4E11-44E3-AD0C-6BA7AEAD9151}.Debug|x86.ActiveCfg = Debug|x86
		{466095E1-4E11-44E3-AD0C-6BA7AEAD9151}.Debug|x86.Build.0 = Debug|x86
		{466095E1-4E11-44E3-AD0C-6BA7AEAD9151}.Release|x86.ActiveCfg = Release|x86
		{466095E1-4E11-44E3-AD0C-6BA7AEAD9151}.Release|x86.Build.0 = Release|x86
		{DF6A1CD5-E9D8-46E1-91D9-A4888F46647C}.Debug|x86.ActiveCfg = Debug|x86
		{DF6A1CD5-E9D8-46E1-91D9-A4888F46647C}.Release|x86.ActiveCfg = Release|x86
		{46FBA284-BB50-4CAE-9B2B-B34330CF224B}.Debug|x86.ActiveCfg = Debug|x86
		{46FBA284-BB50-4CAE-9B2B-B34330CF224B}.Debug|x86.Build.0 = Debug|x86
		{46FBA284-BB50-4CAE-9B2B-B34330CF224B}.Release|x86.ActiveCfg = Release|x86
		{46FBA284-BB50-4CAE-9B2B-B34330CF224B}.Release|x86.Build.0 = Release|x86
		{ECE5D15E-39A3-4ED3-9A82-1E12D5346730}.Debug|x86.ActiveCfg = Debug|x86
		{ECE5D15E-39A3-4ED3-9A82-1E12D5346730}.Release|x86.ActiveCfg = Release|x86
	EndGlobalSection
	GlobalSection(SolutionProperties) = preSolution
		HideSolutionNode = FALSE
	EndGlobalSection
EndGlobal
